
Microsoft Visual Studio Solution File, Format Version 12.00
# Visual Studio 15
VisualStudioVersion = 15.0.28307.421
MinimumVisualStudioVersion = 10.0.40219.1
Project("{FAE04EC0-301F-11D3-BF4B-00C04F79EFBC}") = "OrganizationalDiagram", "OrganizationalDiagram\OrganizationalDiagram.csproj", "{F30B9250-9C4C-4E28-A272-FAAF81B5EC01}"
EndProject
Global
	GlobalSection(SolutionConfigurationPlatforms) = preSolution
		Debug|Any CPU = Debug|Any CPU
		Release|Any CPU = Release|Any CPU
	EndGlobalSection
	GlobalSection(ProjectConfigurationPlatforms) = postSolution
		{F30B9250-9C4C-4E28-A272-FAAF81B5EC01}.Debug|Any CPU.ActiveCfg = Debug|Any CPU
		{F30B9250-9C4C-4E28-A272-FAAF81B5EC01}.Debug|Any CPU.Build.0 = Debug|Any CPU
		{F30B9250-9C4C-4E28-A272-FAAF81B5EC01}.Release|Any CPU.ActiveCfg = Release|Any CPU
		{F30B9250-9C4C-4E28-A272-FAAF81B5EC01}.Release|Any CPU.Build.0 = Release|Any CPU
	EndGlobalSection
	GlobalSection(SolutionProperties) = preSolution
		HideSolutionNode = FALSE
	EndGlobalSection
	GlobalSection(ExtensibilityGlobals) = postSolution
		SolutionGuid = {BC1C8D25-5A88-48BF-A9BE-920D76E6F7C0}
	EndGlobalSection
EndGlobal
