
Microsoft Visual Studio Solution File, Format Version 12.00
# Visual Studio 2012
Project("{FAE04EC0-301F-11D3-BF4B-00C04F79EFBC}") = "Triggers", "Triggers\Triggers.csproj", "{D79C4AD6-8252-4B14-8BA6-C2EF8DA686C9}"
EndProject
Global
	GlobalSection(SolutionConfigurationPlatforms) = preSolution
		Debug|Any CPU = Debug|Any CPU
		Release|Any CPU = Release|Any CPU
	EndGlobalSection
	GlobalSection(ProjectConfigurationPlatforms) = postSolution
		{D79C4AD6-8252-4B14-8BA6-C2EF8DA686C9}.Debug|Any CPU.ActiveCfg = Debug|Any CPU
		{D79C4AD6-8252-4B14-8BA6-C2EF8DA686C9}.Debug|Any CPU.Build.0 = Debug|Any CPU
		{D79C4AD6-8252-4B14-8BA6-C2EF8DA686C9}.Release|Any CPU.ActiveCfg = Release|Any CPU
		{D79C4AD6-8252-4B14-8BA6-C2EF8DA686C9}.Release|Any CPU.Build.0 = Release|Any CPU
	EndGlobalSection
	GlobalSection(SolutionProperties) = preSolution
		HideSolutionNode = FALSE
	EndGlobalSection
EndGlobal
